# THIS IS AN AUTOGENERATED FILE. DO NOT EDIT THIS FILE DIRECTLY.
# yarn lockfile v1


async@^2.1.4:
  version "2.6.3"
  resolved "https://registry.yarnpkg.com/async/-/async-2.6.3.tgz#d72625e2344a3656e3a3ad4fa749fa83299d82ff"
  integrity sha512-zflvls11DCy+dQWzTW2dzuilv8Z5X/pjfmZOWba6TNIVDm+2UDaJmXSOXlasHKfNBs8oo3M0aT50fDEWfKZjXg==
  dependencies:
    lodash "^4.17.14"

browserfs@^1.4.3:
  version "1.4.3"
  resolved "https://registry.yarnpkg.com/browserfs/-/browserfs-1.4.3.tgz#92ffc6063967612daccdb8566d3fc03f521205fb"
  integrity sha512-tz8HClVrzTJshcyIu8frE15cjqjcBIu15Bezxsvl/i+6f59iNCN3kznlWjz0FEb3DlnDx3gW5szxeT6D1x0s0w==
  dependencies:
    async "^2.1.4"
    pako "^1.0.4"

custom-event-polyfill@^0.3.0:
  version "0.3.0"
  resolved "https://registry.yarnpkg.com/custom-event-polyfill/-/custom-event-polyfill-0.3.0.tgz#99807839be62edb446b645832e0d80ead6fa1888"

lodash@^4.17.14:
  version "4.17.15"
  resolved "https://registry.yarnpkg.com/lodash/-/lodash-4.17.15.tgz#b447f6670a0455bbfeedd11392eff330ea097548"
  integrity sha512-8xOcRHvCjnocdS5cpwXQXVzmmh5e5+saE2QGoeQmbKmRS6J3VQppPOIt0MnmE+4xlZoumy0GPG0D0MVIQbNA1A==

pako@^1.0.4:
  version "1.0.10"
  resolved "https://registry.yarnpkg.com/pako/-/pako-1.0.10.tgz#4328badb5086a426aa90f541977d4955da5c9732"
  integrity sha512-0DTvPVU3ed8+HNXOu5Bs+o//Mbdj9VNQMUOe9oKCwh8l0GNwpTDMKCWbRjgtD291AWnkAgkqA/LOnQS8AmS1tw==
